
Microsoft Visual Studio Solution File, Format Version 12.00
# Visual Studio 15
VisualStudioVersion = 15.0.27130.2026
MinimumVisualStudioVersion = 10.0.40219.1
Project("{8BC9CEB8-8B4A-11D0-8D11-00A0C91BC942}") = "INFO450SaveMore", "INFO450SaveMore\INFO450SaveMore.vcxproj", "{F34CCFA3-9DDA-4F93-9909-D05A99D8FAC1}"
EndProject
Global
	GlobalSection(SolutionConfigurationPlatforms) = preSolution
		Debug|x64 = Debug|x64
		Debug|x86 = Debug|x86
		Release|x64 = Release|x64
		Release|x86 = Release|x86
	EndGlobalSection
	GlobalSection(ProjectConfigurationPlatforms) = postSolution
		{F34CCFA3-9DDA-4F93-9909-D05A99D8FAC1}.Debug|x64.ActiveCfg = Debug|x64
		{F34CCFA3-9DDA-4F93-9909-D05A99D8FAC1}.Debug|x64.Build.0 = Debug|x64
		{F34CCFA3-9DDA-4F93-9909-D05A99D8FAC1}.Debug|x86.ActiveCfg = Debug|Win32
		{F34CCFA3-9DDA-4F93-9909-D05A99D8FAC1}.Debug|x86.Build.0 = Debug|Win32
		{F34CCFA3-9DDA-4F93-9909-D05A99D8FAC1}.Release|x64.ActiveCfg = Release|x64
		{F34CCFA3-9DDA-4F93-9909-D05A99D8FAC1}.Release|x64.Build.0 = Release|x64
		{F34CCFA3-9DDA-4F93-9909-D05A99D8FAC1}.Release|x86.ActiveCfg = Release|Win32
		{F34CCFA3-9DDA-4F93-9909-D05A99D8FAC1}.Release|x86.Build.0 = Release|Win32
	EndGlobalSection
	GlobalSection(SolutionProperties) = preSolution
		HideSolutionNode = FALSE
	EndGlobalSection
	GlobalSection(ExtensibilityGlobals) = postSolution
		SolutionGuid = {653B92D5-ADC4-476C-8E45-254988FE5B2C}
	EndGlobalSection
EndGlobal
